%{
  "complex": {:hex, :complex, "0.4.1", "5d5a7bdbec13428c05824bac550b7d2b14ec395cd64663eca3cb0d3359aa22c5", [:mix], [], "hexpm", "6a813529dddba9bdfc17dffdd1aeda7b3d6891b76c8d4c1ae902ec74eb496a32"},
  "dll_loader_helper": {:hex, :dll_loader_helper, "0.1.0", "904c3cec32e6e0fc5914e41989ce9350d2bfd06b32f952a658fe63342b993e83", [:make, :mix], [{:elixir_make, "~> 0.6", [hex: :elixir_make, repo: "hexpm", optional: false]}], "hexpm", "b9db9151af610a2db375af543e912b3dd9cad87377d829328888386c65681473"},
  "elixir_make": {:hex, :elixir_make, "0.6.3", "bc07d53221216838d79e03a8019d0839786703129599e9619f4ab74c8c096eac", [:mix], [], "hexpm", "f5cbd651c5678bcaabdbb7857658ee106b12509cd976c2c2fca99688e1daf716"},
  "nx": {:git, "https://github.com/elixir-nx/nx.git", "836ca4e12e8fc9b1bdc91d057b61a3fea7a7b9ad", [branch: "main", sparse: "nx"]},
  "torchx": {:git, "https://github.com/elixir-nx/nx.git", "836ca4e12e8fc9b1bdc91d057b61a3fea7a7b9ad", [branch: "main", sparse: "torchx"]},
}
