%{
  "complex": {:hex, :complex, "0.4.2", "923e5db0be13dbb3ea00cf8459d9f75f3afdd9ff5a82742ded21064330d28273", [:mix], [], "hexpm", "069a085ef820ce675a2619fd125b963ff4514af2102c7f7d7965128e5ec0a429"},
  "nx": {:hex, :nx, "0.4.1", "3cc8e420d0835ab7cac94f253950dee3ff927c68798ae88a3e4ff184a825b042", [:mix], [{:complex, "~> 0.4.2", [hex: :complex, repo: "hexpm", optional: false]}], "hexpm", "0b33fccaf76ebc6e79d53fe1149a70f99838e6505e9e7092e5a0a57b131b27c6"},
}
