%{
  "complex": {:hex, :complex, "0.4.1", "5d5a7bdbec13428c05824bac550b7d2b14ec395cd64663eca3cb0d3359aa22c5", [:mix], [], "hexpm", "6a813529dddba9bdfc17dffdd1aeda7b3d6891b76c8d4c1ae902ec74eb496a32"},
  "dll_loader_helper": {:hex, :dll_loader_helper, "0.1.0", "904c3cec32e6e0fc5914e41989ce9350d2bfd06b32f952a658fe63342b993e83", [:make, :mix], [{:elixir_make, "~> 0.6", [hex: :elixir_make, repo: "hexpm", optional: false]}], "hexpm", "b9db9151af610a2db375af543e912b3dd9cad87377d829328888386c65681473"},
  "elixir_make": {:hex, :elixir_make, "0.6.3", "bc07d53221216838d79e03a8019d0839786703129599e9619f4ab74c8c096eac", [:mix], [], "hexpm", "f5cbd651c5678bcaabdbb7857658ee106b12509cd976c2c2fca99688e1daf716"},
  "kino": {:hex, :kino, "0.6.1", "7c6bd60ec92180e7f48114078d75e1d502581e2860e93e73dd659828df9559ff", [:mix], [{:table, "~> 0.1.0", [hex: :table, repo: "hexpm", optional: false]}], "hexpm", "db9affe9f3ac8610f18d6d2e96b19fa63165cf4021809bda250e4889bad699ea"},
  "kino_vega_lite": {:hex, :kino_vega_lite, "0.1.1", "29438b43a3fd3e0f1c8560ed9f943fe593b293e710fc091c63d65b272dd6255f", [:mix], [{:kino, "~> 0.6.1", [hex: :kino, repo: "hexpm", optional: false]}, {:table, "~> 0.1.0", [hex: :table, repo: "hexpm", optional: false]}, {:vega_lite, "~> 0.1.4", [hex: :vega_lite, repo: "hexpm", optional: false]}], "hexpm", "7058ffd10379b4b33a2bbca0b4a3bd6a124ef45136df01d3ccfd4f82ab368473"},
  "nx": {:git, "https://github.com/elixir-nx/nx.git", "98cb3f78b022cc3afd17f8013f1d273ca6f2eded", [branch: "main", sparse: "nx"]},
  "table": {:hex, :table, "0.1.1", "e8d3c75bb14b8dac227e17d85a626e695d96c271569e94e4a2d15494a7cb0b49", [:mix], [], "hexpm", "6a73280b2f5ad70474594feeb8c034ad490b97dbd5adaeb678f71c250cbc928c"},
  "vega_lite": {:hex, :vega_lite, "0.1.4", "97f3f59f1a8b65169aa7dd861b0e13d10fb73e18b1f8546b953c34a74cab33ef", [:mix], [{:table, "~> 0.1.0", [hex: :table, repo: "hexpm", optional: false]}], "hexpm", "b9d0ec3e978b9d1b1a37024e218391f9c1d5a90b783ed2ed988bf5a9b2fddefb"},
}
